
Microsoft Visual Studio Solution File, Format Version 12.00
# Visual Studio Version 16
VisualStudioVersion = 16.0.31005.135
MinimumVisualStudioVersion = 10.0.40219.1
Project("{FAE04EC0-301F-11D3-BF4B-00C04F79EFBC}") = "ControloAvenca1", "ControloAvenca1\ControloAvenca1.csproj", "{F3BF8ECB-BD2C-4B85-AB48-EFEBD01A7944}"
EndProject
Global
	GlobalSection(SolutionConfigurationPlatforms) = preSolution
		Debug|Any CPU = Debug|Any CPU
		Release|Any CPU = Release|Any CPU
	EndGlobalSection
	GlobalSection(ProjectConfigurationPlatforms) = postSolution
		{F3BF8ECB-BD2C-4B85-AB48-EFEBD01A7944}.Debug|Any CPU.ActiveCfg = Debug|Any CPU
		{F3BF8ECB-BD2C-4B85-AB48-EFEBD01A7944}.Debug|Any CPU.Build.0 = Debug|Any CPU
		{F3BF8ECB-BD2C-4B85-AB48-EFEBD01A7944}.Release|Any CPU.ActiveCfg = Release|Any CPU
		{F3BF8ECB-BD2C-4B85-AB48-EFEBD01A7944}.Release|Any CPU.Build.0 = Release|Any CPU
	EndGlobalSection
	GlobalSection(SolutionProperties) = preSolution
		HideSolutionNode = FALSE
	EndGlobalSection
	GlobalSection(ExtensibilityGlobals) = postSolution
		SolutionGuid = {6610A9D5-232C-4220-AAD9-DE552F1146D0}
	EndGlobalSection
EndGlobal
